
Microsoft Visual Studio Solution File, Format Version 12.00
# Visual Studio Version 17
VisualStudioVersion = 17.2.32616.157
MinimumVisualStudioVersion = 10.0.40219.1
Project("{FAE04EC0-301F-11D3-BF4B-00C04F79EFBC}") = "BlogAPI", "BlogAPI\BlogAPI.csproj", "{44FBA25F-82C0-4731-A33F-6DA15889149C}"
EndProject
Project("{FAE04EC0-301F-11D3-BF4B-00C04F79EFBC}") = "BlogTeste", "BlogTeste\BlogTeste.csproj", "{66BDE375-0562-4734-B50A-D60F920C3376}"
EndProject
Global
	GlobalSection(SolutionConfigurationPlatforms) = preSolution
		Debug|Any CPU = Debug|Any CPU
		Release|Any CPU = Release|Any CPU
	EndGlobalSection
	GlobalSection(ProjectConfigurationPlatforms) = postSolution
		{44FBA25F-82C0-4731-A33F-6DA15889149C}.Debug|Any CPU.ActiveCfg = Debug|Any CPU
		{44FBA25F-82C0-4731-A33F-6DA15889149C}.Debug|Any CPU.Build.0 = Debug|Any CPU
		{44FBA25F-82C0-4731-A33F-6DA15889149C}.Release|Any CPU.ActiveCfg = Release|Any CPU
		{44FBA25F-82C0-4731-A33F-6DA15889149C}.Release|Any CPU.Build.0 = Release|Any CPU
		{66BDE375-0562-4734-B50A-D60F920C3376}.Debug|Any CPU.ActiveCfg = Debug|Any CPU
		{66BDE375-0562-4734-B50A-D60F920C3376}.Debug|Any CPU.Build.0 = Debug|Any CPU
		{66BDE375-0562-4734-B50A-D60F920C3376}.Release|Any CPU.ActiveCfg = Release|Any CPU
		{66BDE375-0562-4734-B50A-D60F920C3376}.Release|Any CPU.Build.0 = Release|Any CPU
	EndGlobalSection
	GlobalSection(SolutionProperties) = preSolution
		HideSolutionNode = FALSE
	EndGlobalSection
	GlobalSection(ExtensibilityGlobals) = postSolution
		SolutionGuid = {8DAA2E76-E713-4A60-A802-B619B312855D}
	EndGlobalSection
EndGlobal
